
Microsoft Visual Studio Solution File, Format Version 12.00
# Visual Studio 15
VisualStudioVersion = 15.0.27130.2027
MinimumVisualStudioVersion = 10.0.40219.1
Project("{FAE04EC0-301F-11D3-BF4B-00C04F79EFBC}") = "DelClima.Android", "DelClima\DelClima.Android\DelClima.Android.csproj", "{76EAFDBD-D7A8-4001-A71C-A0ECF52A866D}"
EndProject
Global
	GlobalSection(SolutionConfigurationPlatforms) = preSolution
		Debug|Any CPU = Debug|Any CPU
		Debug|ARM = Debug|ARM
		Debug|iPhone = Debug|iPhone
		Debug|iPhoneSimulator = Debug|iPhoneSimulator
		Debug|x64 = Debug|x64
		Debug|x86 = Debug|x86
		Release|Any CPU = Release|Any CPU
		Release|ARM = Release|ARM
		Release|iPhone = Release|iPhone
		Release|iPhoneSimulator = Release|iPhoneSimulator
		Release|x64 = Release|x64
		Release|x86 = Release|x86
	EndGlobalSection
	GlobalSection(ProjectConfigurationPlatforms) = postSolution
		{76EAFDBD-D7A8-4001-A71C-A0ECF52A866D}.Debug|Any CPU.ActiveCfg = Debug|Any CPU
		{76EAFDBD-D7A8-4001-A71C-A0ECF52A866D}.Debug|Any CPU.Build.0 = Debug|Any CPU
		{76EAFDBD-D7A8-4001-A71C-A0ECF52A866D}.Debug|Any CPU.Deploy.0 = Debug|Any CPU
		{76EAFDBD-D7A8-4001-A71C-A0ECF52A866D}.Debug|ARM.ActiveCfg = Debug|Any CPU
		{76EAFDBD-D7A8-4001-A71C-A0ECF52A866D}.Debug|ARM.Build.0 = Debug|Any CPU
		{76EAFDBD-D7A8-4001-A71C-A0ECF52A866D}.Debug|ARM.Deploy.0 = Debug|Any CPU
		{76EAFDBD-D7A8-4001-A71C-A0ECF52A866D}.Debug|iPhone.ActiveCfg = Debug|Any CPU
		{76EAFDBD-D7A8-4001-A71C-A0ECF52A866D}.Debug|iPhone.Build.0 = Debug|Any CPU
		{76EAFDBD-D7A8-4001-A71C-A0ECF52A866D}.Debug|iPhone.Deploy.0 = Debug|Any CPU
		{76EAFDBD-D7A8-4001-A71C-A0ECF52A866D}.Debug|iPhoneSimulator.ActiveCfg = Debug|Any CPU
		{76EAFDBD-D7A8-4001-A71C-A0ECF52A866D}.Debug|iPhoneSimulator.Build.0 = Debug|Any CPU
		{76EAFDBD-D7A8-4001-A71C-A0ECF52A866D}.Debug|iPhoneSimulator.Deploy.0 = Debug|Any CPU
		{76EAFDBD-D7A8-4001-A71C-A0ECF52A866D}.Debug|x64.ActiveCfg = Debug|Any CPU
		{76EAFDBD-D7A8-4001-A71C-A0ECF52A866D}.Debug|x64.Build.0 = Debug|Any CPU
		{76EAFDBD-D7A8-4001-A71C-A0ECF52A866D}.Debug|x64.Deploy.0 = Debug|Any CPU
		{76EAFDBD-D7A8-4001-A71C-A0ECF52A866D}.Debug|x86.ActiveCfg = Debug|Any CPU
		{76EAFDBD-D7A8-4001-A71C-A0ECF52A866D}.Debug|x86.Build.0 = Debug|Any CPU
		{76EAFDBD-D7A8-4001-A71C-A0ECF52A866D}.Debug|x86.Deploy.0 = Debug|Any CPU
		{76EAFDBD-D7A8-4001-A71C-A0ECF52A866D}.Release|Any CPU.ActiveCfg = Release|Any CPU
		{76EAFDBD-D7A8-4001-A71C-A0ECF52A866D}.Release|Any CPU.Build.0 = Release|Any CPU
		{76EAFDBD-D7A8-4001-A71C-A0ECF52A866D}.Release|Any CPU.Deploy.0 = Release|Any CPU
		{76EAFDBD-D7A8-4001-A71C-A0ECF52A866D}.Release|ARM.ActiveCfg = Release|Any CPU
		{76EAFDBD-D7A8-4001-A71C-A0ECF52A866D}.Release|ARM.Build.0 = Release|Any CPU
		{76EAFDBD-D7A8-4001-A71C-A0ECF52A866D}.Release|ARM.Deploy.0 = Release|Any CPU
		{76EAFDBD-D7A8-4001-A71C-A0ECF52A866D}.Release|iPhone.ActiveCfg = Release|Any CPU
		{76EAFDBD-D7A8-4001-A71C-A0ECF52A866D}.Release|iPhone.Build.0 = Release|Any CPU
		{76EAFDBD-D7A8-4001-A71C-A0ECF52A866D}.Release|iPhone.Deploy.0 = Release|Any CPU
		{76EAFDBD-D7A8-4001-A71C-A0ECF52A866D}.Release|iPhoneSimulator.ActiveCfg = Release|Any CPU
		{76EAFDBD-D7A8-4001-A71C-A0ECF52A866D}.Release|iPhoneSimulator.Build.0 = Release|Any CPU
		{76EAFDBD-D7A8-4001-A71C-A0ECF52A866D}.Release|iPhoneSimulator.Deploy.0 = Release|Any CPU
		{76EAFDBD-D7A8-4001-A71C-A0ECF52A866D}.Release|x64.ActiveCfg = Release|Any CPU
		{76EAFDBD-D7A8-4001-A71C-A0ECF52A866D}.Release|x64.Build.0 = Release|Any CPU
		{76EAFDBD-D7A8-4001-A71C-A0ECF52A866D}.Release|x64.Deploy.0 = Release|Any CPU
		{76EAFDBD-D7A8-4001-A71C-A0ECF52A866D}.Release|x86.ActiveCfg = Release|Any CPU
		{76EAFDBD-D7A8-4001-A71C-A0ECF52A866D}.Release|x86.Build.0 = Release|Any CPU
		{76EAFDBD-D7A8-4001-A71C-A0ECF52A866D}.Release|x86.Deploy.0 = Release|Any CPU
	EndGlobalSection
	GlobalSection(SolutionProperties) = preSolution
		HideSolutionNode = FALSE
	EndGlobalSection
	GlobalSection(ExtensibilityGlobals) = postSolution
		SolutionGuid = {DDEAF68F-ABAB-4244-A97C-239C76BB98EB}
	EndGlobalSection
EndGlobal
